{
  "name": "@abquanta/abq-media-workspace",
  "version": "0.1.0",
  "lockfileVersion": 3,
  "requires": true,
  "packages": {
    "": {
      "name": "@abquanta/abq-media-workspace",
      "version": "0.1.0",
      "license": "MIT",
      "workspaces": [
        "packages/*"
      ],
      "engines": {
        "node": ">=20"
      }
    },
    "node_modules/@abquanta/abq-media-cli": {
      "resolved": "packages/cli",
      "link": true
    },
    "node_modules/@abquanta/abq-media-core": {
      "resolved": "packages/core",
      "link": true
    },
    "node_modules/@abquanta/adapter-elevenlabs-tts": {
      "resolved": "packages/adapter-elevenlabs-tts",
      "link": true
    },
    "node_modules/@abquanta/adapter-transcript": {
      "resolved": "packages/adapters-transcript",
      "link": true
    },
    "node_modules/@abquanta/adapter-tts-soundcloud": {
      "resolved": "packages/adapters-tts-soundcloud",
      "link": true
    },
    "node_modules/@abquanta/adapter-youtube": {
      "resolved": "packages/adapters-youtube",
      "link": true
    },
    "node_modules/@abquanta/create-abq-module": {
      "resolved": "packages/create-abq-module",
      "link": true
    },
    "node_modules/@abquanta/pipeline-youtube-research-podcast": {
      "resolved": "packages/pipeline-youtube-research-podcast",
      "link": true
    },
    "node_modules/@clack/core": {
      "version": "0.3.5",
      "resolved": "https://registry.npmjs.org/@clack/core/-/core-0.3.5.tgz",
      "integrity": "sha512-5cfhQNH+1VQ2xLQlmzXMqUoiaH0lRBq9/CLW9lTyMbuKLC3+xEK01tHVvyut++mLOn5urSHmkm6I0Lg9MaJSTQ==",
      "license": "MIT",
      "dependencies": {
        "picocolors": "^1.0.0",
        "sisteransi": "^1.0.5"
      }
    },
    "node_modules/@clack/prompts": {
      "version": "0.7.0",
      "resolved": "https://registry.npmjs.org/@clack/prompts/-/prompts-0.7.0.tgz",
      "integrity": "sha512-0MhX9/B4iL6Re04jPrttDm+BsP8y6mS7byuv0BvXgdXhbV5PdlsHt55dvNsuBCPZ7xq1oTAOOuotR9NFbQyMSA==",
      "bundleDependencies": [
        "is-unicode-supported"
      ],
      "license": "MIT",
      "dependencies": {
        "@clack/core": "^0.3.3",
        "is-unicode-supported": "*",
        "picocolors": "^1.0.0",
        "sisteransi": "^1.0.5"
      }
    },
    "node_modules/@clack/prompts/node_modules/is-unicode-supported": {
      "version": "1.3.0",
      "inBundle": true,
      "license": "MIT",
      "engines": {
        "node": ">=12"
      },
      "funding": {
        "url": "https://github.com/sponsors/sindresorhus"
      }
    },
    "node_modules/picocolors": {
      "version": "1.1.1",
      "resolved": "https://registry.npmjs.org/picocolors/-/picocolors-1.1.1.tgz",
      "integrity": "sha512-xceH2snhtb5M9liqDsmEw56le376mTZkEX/jEb/RxNFyegNul7eNslCXP9FDj/Lcu0X8KEyMceP2ntpaHrDEVA==",
      "license": "ISC"
    },
    "node_modules/sisteransi": {
      "version": "1.0.5",
      "resolved": "https://registry.npmjs.org/sisteransi/-/sisteransi-1.0.5.tgz",
      "integrity": "sha512-bLGGlR1QxBcynn2d5YmDX4MGjlZvy2MRBDRNHLJ8VI6l6+9FUiyTFNJ0IveOSP0bcXgVDPRcfGqA0pjaqUpfVg==",
      "license": "MIT"
    },
    "packages/adapter-elevenlabs-tts": {
      "name": "@abquanta/adapter-elevenlabs-tts",
      "version": "0.1.0-alpha.1",
      "license": "MIT",
      "bin": {
        "abq-el-tts": "src/cli.js"
      },
      "engines": {
        "node": ">=20"
      }
    },
    "packages/adapters-transcript": {
      "name": "@abquanta/adapter-transcript",
      "version": "0.1.0",
      "license": "MIT"
    },
    "packages/adapters-tts-soundcloud": {
      "name": "@abquanta/adapter-tts-soundcloud",
      "version": "0.1.0",
      "license": "MIT"
    },
    "packages/adapters-youtube": {
      "name": "@abquanta/adapter-youtube",
      "version": "0.1.0",
      "license": "MIT"
    },
    "packages/cli": {
      "name": "@abquanta/abq-media-cli",
      "version": "0.1.0",
      "license": "MIT",
      "dependencies": {
        "@clack/prompts": "^0.7.0"
      },
      "bin": {
        "abq-media": "src/cli.js"
      }
    },
    "packages/core": {
      "name": "@abquanta/abq-media-core",
      "version": "0.1.0",
      "license": "MIT"
    },
    "packages/create-abq-module": {
      "name": "@abquanta/create-abq-module",
      "version": "0.1.0",
      "license": "MIT",
      "bin": {
        "create-abq-module": "src/cli.js"
      }
    },
    "packages/pipeline-youtube-research-podcast": {
      "name": "@abquanta/pipeline-youtube-research-podcast",
      "version": "0.1.0-alpha.1",
      "license": "MIT",
      "bin": {
        "abq-yt-rp": "src/cli.js"
      },
      "engines": {
        "node": ">=20"
      }
    }
  }
}
